{
  "pins" : [
    {
      "identity" : "kmm-proof-of-concept",
      "kind" : "remoteSourceControl",
      "location" : "https://github.com/garrison-henkle/kmm-proof-of-concept",
      "state" : {
        "revision" : "143018a24902edc81f5f965b0792854ecc351c65",
        "version" : "0.0.11"
      }
    }
  ],
  "version" : 2
}
