{
  "pins" : [
    {
      "identity" : "kmm-proof-of-concept",
      "kind" : "remoteSourceControl",
      "location" : "https://github.com/garrison-henkle/kmm-proof-of-concept",
      "state" : {
        "revision" : "d89f9f83d41b7b056199c7071d3c2748b585b8bc",
        "version" : "0.0.24"
      }
    }
  ],
  "version" : 2
}
