{
  "pins" : [
    {
      "identity" : "kmm-proof-of-concept",
      "kind" : "remoteSourceControl",
      "location" : "https://github.com/garrison-henkle/kmm-proof-of-concept",
      "state" : {
        "revision" : "b349b69970bb262b7b951cb8df9ad7a91297c382",
        "version" : "0.0.20"
      }
    }
  ],
  "version" : 2
}
