// !$*UTF8*$!
{
	archiveVersion = 1;
	classes = {
	};
	objectVersion = 56;
	objects = {

/* Begin PBXBuildFile section */
		85536A6B293D77BE00C54F30 /* pocApp.swift in Sources */ = {isa = PBXBuildFile; fileRef = 85536A6A293D77BE00C54F30 /* pocApp.swift */; };
		85536A6D293D77BE00C54F30 /* ContentView.swift in Sources */ = {isa = PBXBuildFile; fileRef = 85536A6C293D77BE00C54F30 /* ContentView.swift */; };
		85536A6F293D77BF00C54F30 /* Assets.xcassets in Resources */ = {isa = PBXBuildFile; fileRef = 85536A6E293D77BF00C54F30 /* Assets.xcassets */; };
		85536A72293D77BF00C54F30 /* Preview Assets.xcassets in Resources */ = {isa = PBXBuildFile; fileRef = 85536A71293D77BF00C54F30 /* Preview Assets.xcassets */; };
		85536A7C293D77BF00C54F30 /* pocTests.swift in Sources */ = {isa = PBXBuildFile; fileRef = 85536A7B293D77BF00C54F30 /* pocTests.swift */; };
		85536A86293D77BF00C54F30 /* pocUITests.swift in Sources */ = {isa = PBXBuildFile; fileRef = 85536A85293D77BF00C54F30 /* pocUITests.swift */; };
		85536A88293D77BF00C54F30 /* pocUITestsLaunchTests.swift in Sources */ = {isa = PBXBuildFile; fileRef = 85536A87293D77BF00C54F30 /* pocUITestsLaunchTests.swift */; };
		85E10CD12949800600E07354 /* YouComponents in Frameworks */ = {isa = PBXBuildFile; productRef = 85E10CD02949800600E07354 /* YouComponents */; };
/* End PBXBuildFile section */

/* Begin PBXContainerItemProxy section */
		85536A78293D77BF00C54F30 /* PBXContainerItemProxy */ = {
			isa = PBXContainerItemProxy;
			containerPortal = 85536A5F293D77BE00C54F30 /* Project object */;
			proxyType = 1;
			remoteGlobalIDString = 85536A66293D77BE00C54F30;
			remoteInfo = poc;
		};
		85536A82293D77BF00C54F30 /* PBXContainerItemProxy */ = {
			isa = PBXContainerItemProxy;
			containerPortal = 85536A5F293D77BE00C54F30 /* Project object */;
			proxyType = 1;
			remoteGlobalIDString = 85536A66293D77BE00C54F30;
			remoteInfo = poc;
		};
/* End PBXContainerItemProxy section */

/* Begin PBXFileReference section */
		85536A67293D77BE00C54F30 /* poc.app */ = {isa = PBXFileReference; explicitFileType = wrapper.application; includeInIndex = 0; path = poc.app; sourceTree = BUILT_PRODUCTS_DIR; };
		85536A6A293D77BE00C54F30 /* pocApp.swift */ = {isa = PBXFileReference; lastKnownFileType = sourcecode.swift; path = pocApp.swift; sourceTree = "<group>"; };
		85536A6C293D77BE00C54F30 /* ContentView.swift */ = {isa = PBXFileReference; lastKnownFileType = sourcecode.swift; path = ContentView.swift; sourceTree = "<group>"; };
		85536A6E293D77BF00C54F30 /* Assets.xcassets */ = {isa = PBXFileReference; lastKnownFileType = folder.assetcatalog; path = Assets.xcassets; sourceTree = "<group>"; };
		85536A71293D77BF00C54F30 /* Preview Assets.xcassets */ = {isa = PBXFileReference; lastKnownFileType = folder.assetcatalog; path = "Preview Assets.xcassets"; sourceTree = "<group>"; };
		85536A77293D77BF00C54F30 /* pocTests.xctest */ = {isa = PBXFileReference; explicitFileType = wrapper.cfbundle; includeInIndex = 0; path = pocTests.xctest; sourceTree = BUILT_PRODUCTS_DIR; };
		85536A7B293D77BF00C54F30 /* pocTests.swift */ = {isa = PBXFileReference; lastKnownFileType = sourcecode.swift; path = pocTests.swift; sourceTree = "<group>"; };
		85536A81293D77BF00C54F30 /* pocUITests.xctest */ = {isa = PBXFileReference; explicitFileType = wrapper.cfbundle; includeInIndex = 0; path = pocUITests.xctest; sourceTree = BUILT_PRODUCTS_DIR; };
		85536A85293D77BF00C54F30 /* pocUITests.swift */ = {isa = PBXFileReference; lastKnownFileType = sourcecode.swift; path = pocUITests.swift; sourceTree = "<group>"; };
		85536A87293D77BF00C54F30 /* pocUITestsLaunchTests.swift */ = {isa = PBXFileReference; lastKnownFileType = sourcecode.swift; path = pocUITestsLaunchTests.swift; sourceTree = "<group>"; };
/* End PBXFileReference section */

/* Begin PBXFrameworksBuildPhase section */
		85536A64293D77BE00C54F30 /* Frameworks */ = {
			isa = PBXFrameworksBuildPhase;
			buildActionMask = 2147483647;
			files = (
				85E10CD12949800600E07354 /* YouComponents in Frameworks */,
			);
			runOnlyForDeploymentPostprocessing = 0;
		};
		85536A74293D77BF00C54F30 /* Frameworks */ = {
			isa = PBXFrameworksBuildPhase;
			buildActionMask = 2147483647;
			files = (
			);
			runOnlyForDeploymentPostprocessing = 0;
		};
		85536A7E293D77BF00C54F30 /* Frameworks */ = {
			isa = PBXFrameworksBuildPhase;
			buildActionMask = 2147483647;
			files = (
			);
			runOnlyForDeploymentPostprocessing = 0;
		};
/* End PBXFrameworksBuildPhase section */

/* Begin PBXGroup section */
		85536A5E293D77BE00C54F30 = {
			isa = PBXGroup;
			children = (
				85536A69293D77BE00C54F30 /* poc */,
				85536A7A293D77BF00C54F30 /* pocTests */,
				85536A84293D77BF00C54F30 /* pocUITests */,
				85536A68293D77BE00C54F30 /* Products */,
			);
			sourceTree = "<group>";
		};
		85536A68293D77BE00C54F30 /* Products */ = {
			isa = PBXGroup;
			children = (
				85536A67293D77BE00C54F30 /* poc.app */,
				85536A77293D77BF00C54F30 /* pocTests.xctest */,
				85536A81293D77BF00C54F30 /* pocUITests.xctest */,
			);
			name = Products;
			sourceTree = "<group>";
		};
		85536A69293D77BE00C54F30 /* poc */ = {
			isa = PBXGroup;
			children = (
				85536A6A293D77BE00C54F30 /* pocApp.swift */,
				85536A6C293D77BE00C54F30 /* ContentView.swift */,
				85536A6E293D77BF00C54F30 /* Assets.xcassets */,
				85536A70293D77BF00C54F30 /* Preview Content */,
			);
			path = poc;
			sourceTree = "<group>";
		};
		85536A70293D77BF00C54F30 /* Preview Content */ = {
			isa = PBXGroup;
			children = (
				85536A71293D77BF00C54F30 /* Preview Assets.xcassets */,
			);
			path = "Preview Content";
			sourceTree = "<group>";
		};
		85536A7A293D77BF00C54F30 /* pocTests */ = {
			isa = PBXGroup;
			children = (
				85536A7B293D77BF00C54F30 /* pocTests.swift */,
			);
			path = pocTests;
			sourceTree = "<group>";
		};
		85536A84293D77BF00C54F30 /* pocUITests */ = {
			isa = PBXGroup;
			children = (
				85536A85293D77BF00C54F30 /* pocUITests.swift */,
				85536A87293D77BF00C54F30 /* pocUITestsLaunchTests.swift */,
			);
			path = pocUITests;
			sourceTree = "<group>";
		};
/* End PBXGroup section */

/* Begin PBXNativeTarget section */
		85536A66293D77BE00C54F30 /* poc */ = {
			isa = PBXNativeTarget;
			buildConfigurationList = 85536A8B293D77BF00C54F30 /* Build configuration list for PBXNativeTarget "poc" */;
			buildPhases = (
				85536A63293D77BE00C54F30 /* Sources */,
				85536A64293D77BE00C54F30 /* Frameworks */,
				85536A65293D77BE00C54F30 /* Resources */,
			);
			buildRules = (
			);
			dependencies = (
			);
			name = poc;
			packageProductDependencies = (
				85E10CD02949800600E07354 /* YouComponents */,
			);
			productName = poc;
			productReference = 85536A67293D77BE00C54F30 /* poc.app */;
			productType = "com.apple.product-type.application";
		};
		85536A76293D77BF00C54F30 /* pocTests */ = {
			isa = PBXNativeTarget;
			buildConfigurationList = 85536A8E293D77BF00C54F30 /* Build configuration list for PBXNativeTarget "pocTests" */;
			buildPhases = (
				85536A73293D77BF00C54F30 /* Sources */,
				85536A74293D77BF00C54F30 /* Frameworks */,
				85536A75293D77BF00C54F30 /* Resources */,
			);
			buildRules = (
			);
			dependencies = (
				85536A79293D77BF00C54F30 /* PBXTargetDependency */,
			);
			name = pocTests;
			productName = pocTests;
			productReference = 85536A77293D77BF00C54F30 /* pocTests.xctest */;
			productType = "com.apple.product-type.bundle.unit-test";
		};
		85536A80293D77BF00C54F30 /* pocUITests */ = {
			isa = PBXNativeTarget;
			buildConfigurationList = 85536A91293D77BF00C54F30 /* Build configuration list for PBXNativeTarget "pocUITests" */;
			buildPhases = (
				85536A7D293D77BF00C54F30 /* Sources */,
				85536A7E293D77BF00C54F30 /* Frameworks */,
				85536A7F293D77BF00C54F30 /* Resources */,
			);
			buildRules = (
			);
			dependencies = (
				85536A83293D77BF00C54F30 /* PBXTargetDependency */,
			);
			name = pocUITests;
			productName = pocUITests;
			productReference = 85536A81293D77BF00C54F30 /* pocUITests.xctest */;
			productType = "com.apple.product-type.bundle.ui-testing";
		};
/* End PBXNativeTarget section */

/* Begin PBXProject section */
		85536A5F293D77BE00C54F30 /* Project object */ = {
			isa = PBXProject;
			attributes = {
				BuildIndependentTargetsInParallel = 1;
				LastSwiftUpdateCheck = 1410;
				LastUpgradeCheck = 1410;
				TargetAttributes = {
					85536A66293D77BE00C54F30 = {
						CreatedOnToolsVersion = 14.1;
					};
					85536A76293D77BF00C54F30 = {
						CreatedOnToolsVersion = 14.1;
						TestTargetID = 85536A66293D77BE00C54F30;
					};
					85536A80293D77BF00C54F30 = {
						CreatedOnToolsVersion = 14.1;
						TestTargetID = 85536A66293D77BE00C54F30;
					};
				};
			};
			buildConfigurationList = 85536A62293D77BE00C54F30 /* Build configuration list for PBXProject "poc" */;
			compatibilityVersion = "Xcode 14.0";
			developmentRegion = en;
			hasScannedForEncodings = 0;
			knownRegions = (
				en,
				Base,
			);
			mainGroup = 85536A5E293D77BE00C54F30;
			packageReferences = (
				85E10CCF2949800600E07354 /* XCRemoteSwiftPackageReference "kmm-proof-of-concept" */,
			);
			productRefGroup = 85536A68293D77BE00C54F30 /* Products */;
			projectDirPath = "";
			projectRoot = "";
			targets = (
				85536A66293D77BE00C54F30 /* poc */,
				85536A76293D77BF00C54F30 /* pocTests */,
				85536A80293D77BF00C54F30 /* pocUITests */,
			);
		};
/* End PBXProject section */

/* Begin PBXResourcesBuildPhase section */
		85536A65293D77BE00C54F30 /* Resources */ = {
			isa = PBXResourcesBuildPhase;
			buildActionMask = 2147483647;
			files = (
				85536A72293D77BF00C54F30 /* Preview Assets.xcassets in Resources */,
				85536A6F293D77BF00C54F30 /* Assets.xcassets in Resources */,
			);
			runOnlyForDeploymentPostprocessing = 0;
		};
		85536A75293D77BF00C54F30 /* Resources */ = {
			isa = PBXResourcesBuildPhase;
			buildActionMask = 2147483647;
			files = (
			);
			runOnlyForDeploymentPostprocessing = 0;
		};
		85536A7F293D77BF00C54F30 /* Resources */ = {
			isa = PBXResourcesBuildPhase;
			buildActionMask = 2147483647;
			files = (
			);
			runOnlyForDeploymentPostprocessing = 0;
		};
/* End PBXResourcesBuildPhase section */

/* Begin PBXSourcesBuildPhase section */
		85536A63293D77BE00C54F30 /* Sources */ = {
			isa = PBXSourcesBuildPhase;
			buildActionMask = 2147483647;
			files = (
				85536A6D293D77BE00C54F30 /* ContentView.swift in Sources */,
				85536A6B293D77BE00C54F30 /* pocApp.swift in Sources */,
			);
			runOnlyForDeploymentPostprocessing = 0;
		};
		85536A73293D77BF00C54F30 /* Sources */ = {
			isa = PBXSourcesBuildPhase;
			buildActionMask = 2147483647;
			files = (
				85536A7C293D77BF00C54F30 /* pocTests.swift in Sources */,
			);
			runOnlyForDeploymentPostprocessing = 0;
		};
		85536A7D293D77BF00C54F30 /* Sources */ = {
			isa = PBXSourcesBuildPhase;
			buildActionMask = 2147483647;
			files = (
				85536A86293D77BF00C54F30 /* pocUITests.swift in Sources */,
				85536A88293D77BF00C54F30 /* pocUITestsLaunchTests.swift in Sources */,
			);
			runOnlyForDeploymentPostprocessing = 0;
		};
/* End PBXSourcesBuildPhase section */

/* Begin PBXTargetDependency section */
		85536A79293D77BF00C54F30 /* PBXTargetDependency */ = {
			isa = PBXTargetDependency;
			target = 85536A66293D77BE00C54F30 /* poc */;
			targetProxy = 85536A78293D77BF00C54F30 /* PBXContainerItemProxy */;
		};
		85536A83293D77BF00C54F30 /* PBXTargetDependency */ = {
			isa = PBXTargetDependency;
			target = 85536A66293D77BE00C54F30 /* poc */;
			targetProxy = 85536A82293D77BF00C54F30 /* PBXContainerItemProxy */;
		};
/* End PBXTargetDependency section */

/* Begin XCBuildConfiguration section */
		85536A89293D77BF00C54F30 /* Debug */ = {
			isa = XCBuildConfiguration;
			buildSettings = {
				ALWAYS_SEARCH_USER_PATHS = NO;
				CLANG_ANALYZER_NONNULL = YES;
				CLANG_ANALYZER_NUMBER_OBJECT_CONVERSION = YES_AGGRESSIVE;
				CLANG_CXX_LANGUAGE_STANDARD = "gnu++20";
				CLANG_ENABLE_MODULES = YES;
				CLANG_ENABLE_OBJC_ARC = YES;
				CLANG_ENABLE_OBJC_WEAK = YES;
				CLANG_WARN_BLOCK_CAPTURE_AUTORELEASING = YES;
				CLANG_WARN_BOOL_CONVERSION = YES;
				CLANG_WARN_COMMA = YES;
				CLANG_WARN_CONSTANT_CONVERSION = YES;
				CLANG_WARN_DEPRECATED_OBJC_IMPLEMENTATIONS = YES;
				CLANG_WARN_DIRECT_OBJC_ISA_USAGE = YES_ERROR;
				CLANG_WARN_DOCUMENTATION_COMMENTS = YES;
				CLANG_WARN_EMPTY_BODY = YES;
				CLANG_WARN_ENUM_CONVERSION = YES;
				CLANG_WARN_INFINITE_RECURSION = YES;
				CLANG_WARN_INT_CONVERSION = YES;
				CLANG_WARN_NON_LITERAL_NULL_CONVERSION = YES;
				CLANG_WARN_OBJC_IMPLICIT_RETAIN_SELF = YES;
				CLANG_WARN_OBJC_LITERAL_CONVERSION = YES;
				CLANG_WARN_OBJC_ROOT_CLASS = YES_ERROR;
				CLANG_WARN_QUOTED_INCLUDE_IN_FRAMEWORK_HEADER = YES;
				CLANG_WARN_RANGE_LOOP_ANALYSIS = YES;
				CLANG_WARN_STRICT_PROTOTYPES = YES;
				CLANG_WARN_SUSPICIOUS_MOVE = YES;
				CLANG_WARN_UNGUARDED_AVAILABILITY = YES_AGGRESSIVE;
				CLANG_WARN_UNREACHABLE_CODE = YES;
				CLANG_WARN__DUPLICATE_METHOD_MATCH = YES;
				COPY_PHASE_STRIP = NO;
				DEBUG_INFORMATION_FORMAT = dwarf;
				ENABLE_BITCODE = YES;
				ENABLE_STRICT_OBJC_MSGSEND = YES;
				ENABLE_TESTABILITY = YES;
				GCC_C_LANGUAGE_STANDARD = gnu11;
				GCC_DYNAMIC_NO_PIC = NO;
				GCC_NO_COMMON_BLOCKS = YES;
				GCC_OPTIMIZATION_LEVEL = 0;
				GCC_PREPROCESSOR_DEFINITIONS = (
					"DEBUG=1",
					"$(inherited)",
				);
				GCC_WARN_64_TO_32_BIT_CONVERSION = YES;
				GCC_WARN_ABOUT_RETURN_TYPE = YES_ERROR;
				GCC_WARN_UNDECLARED_SELECTOR = YES;
				GCC_WARN_UNINITIALIZED_AUTOS = YES_AGGRESSIVE;
				GCC_WARN_UNUSED_FUNCTION = YES;
				GCC_WARN_UNUSED_VARIABLE = YES;
				IPHONEOS_DEPLOYMENT_TARGET = 16.1;
				MTL_ENABLE_DEBUG_INFO = INCLUDE_SOURCE;
				MTL_FAST_MATH = YES;
				ONLY_ACTIVE_ARCH = YES;
				SDKROOT = iphoneos;
				SWIFT_ACTIVE_COMPILATION_CONDITIONS = DEBUG;
				SWIFT_OPTIMIZATION_LEVEL = "-Onone";
			};
			name = Debug;
		};
		85536A8A293D77BF00C54F30 /* Release */ = {
			isa = XCBuildConfiguration;
			buildSettings = {
				ALWAYS_SEARCH_USER_PATHS = NO;
				CLANG_ANALYZER_NONNULL = YES;
				CLANG_ANALYZER_NUMBER_OBJECT_CONVERSION = YES_AGGRESSIVE;
				CLANG_CXX_LANGUAGE_STANDARD = "gnu++20";
				CLANG_ENABLE_MODULES = YES;
				CLANG_ENABLE_OBJC_ARC = YES;
				CLANG_ENABLE_OBJC_WEAK = YES;
				CLANG_WARN_BLOCK_CAPTURE_AUTORELEASING = YES;
				CLANG_WARN_BOOL_CONVERSION = YES;
				CLANG_WARN_COMMA = YES;
				CLANG_WARN_CONSTANT_CONVERSION = YES;
				CLANG_WARN_DEPRECATED_OBJC_IMPLEMENTATIONS = YES;
				CLANG_WARN_DIRECT_OBJC_ISA_USAGE = YES_ERROR;
				CLANG_WARN_DOCUMENTATION_COMMENTS = YES;
				CLANG_WARN_EMPTY_BODY = YES;
				CLANG_WARN_ENUM_CONVERSION = YES;
				CLANG_WARN_INFINITE_RECURSION = YES;
				CLANG_WARN_INT_CONVERSION = YES;
				CLANG_WARN_NON_LITERAL_NULL_CONVERSION = YES;
				CLANG_WARN_OBJC_IMPLICIT_RETAIN_SELF = YES;
				CLANG_WARN_OBJC_LITERAL_CONVERSION = YES;
				CLANG_WARN_OBJC_ROOT_CLASS = YES_ERROR;
				CLANG_WARN_QUOTED_INCLUDE_IN_FRAMEWORK_HEADER = YES;
				CLANG_WARN_RANGE_LOOP_ANALYSIS = YES;
				CLANG_WARN_STRICT_PROTOTYPES = YES;
				CLANG_WARN_SUSPICIOUS_MOVE = YES;
				CLANG_WARN_UNGUARDED_AVAILABILITY = YES_AGGRESSIVE;
				CLANG_WARN_UNREACHABLE_CODE = YES;
				CLANG_WARN__DUPLICATE_METHOD_MATCH = YES;
				COPY_PHASE_STRIP = NO;
				DEBUG_INFORMATION_FORMAT = "dwarf-with-dsym";
				ENABLE_BITCODE = YES;
				ENABLE_NS_ASSERTIONS = NO;
				ENABLE_STRICT_OBJC_MSGSEND = YES;
				GCC_C_LANGUAGE_STANDARD = gnu11;
				GCC_NO_COMMON_BLOCKS = YES;
				GCC_WARN_64_TO_32_BIT_CONVERSION = YES;
				GCC_WARN_ABOUT_RETURN_TYPE = YES_ERROR;
				GCC_WARN_UNDECLARED_SELECTOR = YES;
				GCC_WARN_UNINITIALIZED_AUTOS = YES_AGGRESSIVE;
				GCC_WARN_UNUSED_FUNCTION = YES;
				GCC_WARN_UNUSED_VARIABLE = YES;
				IPHONEOS_DEPLOYMENT_TARGET = 16.1;
				MTL_ENABLE_DEBUG_INFO = NO;
				MTL_FAST_MATH = YES;
				ONLY_ACTIVE_ARCH = YES;
				SDKROOT = iphoneos;
				SWIFT_COMPILATION_MODE = wholemodule;
				SWIFT_OPTIMIZATION_LEVEL = "-O";
				VALIDATE_PRODUCT = YES;
			};
			name = Release;
		};
		85536A8C293D77BF00C54F30 /* Debug */ = {
			isa = XCBuildConfiguration;
			buildSettings = {
				ASSETCATALOG_COMPILER_APPICON_NAME = AppIcon;
				ASSETCATALOG_COMPILER_GLOBAL_ACCENT_COLOR_NAME = AccentColor;
				CODE_SIGN_IDENTITY = "Apple Development";
				CODE_SIGN_STYLE = Automatic;
				CURRENT_PROJECT_VERSION = 1;
				DEVELOPMENT_ASSET_PATHS = "\"poc/Preview Content\"";
				DEVELOPMENT_TEAM = TD56QR66LY;
				ENABLE_PREVIEWS = YES;
				GENERATE_INFOPLIST_FILE = YES;
				INFOPLIST_KEY_UIApplicationSceneManifest_Generation = YES;
				INFOPLIST_KEY_UIApplicationSupportsIndirectInputEvents = YES;
				INFOPLIST_KEY_UILaunchScreen_Generation = YES;
				INFOPLIST_KEY_UISupportedInterfaceOrientations_iPad = "UIInterfaceOrientationPortrait UIInterfaceOrientationPortraitUpsideDown UIInterfaceOrientationLandscapeLeft UIInterfaceOrientationLandscapeRight";
				INFOPLIST_KEY_UISupportedInterfaceOrientations_iPhone = "UIInterfaceOrientationPortrait UIInterfaceOrientationLandscapeLeft UIInterfaceOrientationLandscapeRight";
				LD_RUNPATH_SEARCH_PATHS = (
					"$(inherited)",
					"@executable_path/Frameworks",
				);
				MARKETING_VERSION = 1.0;
				PRODUCT_BUNDLE_IDENTIFIER = com.you.poc;
				PRODUCT_NAME = "$(TARGET_NAME)";
				PROVISIONING_PROFILE_SPECIFIER = "";
				SWIFT_EMIT_LOC_STRINGS = YES;
				SWIFT_VERSION = 5.0;
				TARGETED_DEVICE_FAMILY = "1,2";
			};
			name = Debug;
		};
		85536A8D293D77BF00C54F30 /* Release */ = {
			isa = XCBuildConfiguration;
			buildSettings = {
				ASSETCATALOG_COMPILER_APPICON_NAME = AppIcon;
				ASSETCATALOG_COMPILER_GLOBAL_ACCENT_COLOR_NAME = AccentColor;
				CODE_SIGN_IDENTITY = "Apple Development";
				CODE_SIGN_STYLE = Automatic;
				CURRENT_PROJECT_VERSION = 1;
				DEVELOPMENT_ASSET_PATHS = "\"poc/Preview Content\"";
				DEVELOPMENT_TEAM = TD56QR66LY;
				ENABLE_PREVIEWS = YES;
				GENERATE_INFOPLIST_FILE = YES;
				INFOPLIST_KEY_UIApplicationSceneManifest_Generation = YES;
				INFOPLIST_KEY_UIApplicationSupportsIndirectInputEvents = YES;
				INFOPLIST_KEY_UILaunchScreen_Generation = YES;
				INFOPLIST_KEY_UISupportedInterfaceOrientations_iPad = "UIInterfaceOrientationPortrait UIInterfaceOrientationPortraitUpsideDown UIInterfaceOrientationLandscapeLeft UIInterfaceOrientationLandscapeRight";
				INFOPLIST_KEY_UISupportedInterfaceOrientations_iPhone = "UIInterfaceOrientationPortrait UIInterfaceOrientationLandscapeLeft UIInterfaceOrientationLandscapeRight";
				LD_RUNPATH_SEARCH_PATHS = (
					"$(inherited)",
					"@executable_path/Frameworks",
				);
				MARKETING_VERSION = 1.0;
				ONLY_ACTIVE_ARCH = YES;
				PRODUCT_BUNDLE_IDENTIFIER = com.you.poc;
				PRODUCT_NAME = "$(TARGET_NAME)";
				PROVISIONING_PROFILE_SPECIFIER = "";
				SWIFT_EMIT_LOC_STRINGS = YES;
				SWIFT_VERSION = 5.0;
				TARGETED_DEVICE_FAMILY = "1,2";
			};
			name = Release;
		};
		85536A8F293D77BF00C54F30 /* Debug */ = {
			isa = XCBuildConfiguration;
			buildSettings = {
				ALWAYS_EMBED_SWIFT_STANDARD_LIBRARIES = YES;
				BUNDLE_LOADER = "$(TEST_HOST)";
				CODE_SIGN_STYLE = Automatic;
				CURRENT_PROJECT_VERSION = 1;
				DEVELOPMENT_TEAM = TD56QR66LY;
				GENERATE_INFOPLIST_FILE = YES;
				IPHONEOS_DEPLOYMENT_TARGET = 16.1;
				MARKETING_VERSION = 1.0;
				PRODUCT_BUNDLE_IDENTIFIER = com.you.pocTests;
				PRODUCT_NAME = "$(TARGET_NAME)";
				SWIFT_EMIT_LOC_STRINGS = NO;
				SWIFT_VERSION = 5.0;
				TARGETED_DEVICE_FAMILY = "1,2";
				TEST_HOST = "$(BUILT_PRODUCTS_DIR)/poc.app/$(BUNDLE_EXECUTABLE_FOLDER_PATH)/poc";
			};
			name = Debug;
		};
		85536A90293D77BF00C54F30 /* Release */ = {
			isa = XCBuildConfiguration;
			buildSettings = {
				ALWAYS_EMBED_SWIFT_STANDARD_LIBRARIES = YES;
				BUNDLE_LOADER = "$(TEST_HOST)";
				CODE_SIGN_STYLE = Automatic;
				CURRENT_PROJECT_VERSION = 1;
				DEVELOPMENT_TEAM = TD56QR66LY;
				GENERATE_INFOPLIST_FILE = YES;
				IPHONEOS_DEPLOYMENT_TARGET = 16.1;
				MARKETING_VERSION = 1.0;
				PRODUCT_BUNDLE_IDENTIFIER = com.you.pocTests;
				PRODUCT_NAME = "$(TARGET_NAME)";
				SWIFT_EMIT_LOC_STRINGS = NO;
				SWIFT_VERSION = 5.0;
				TARGETED_DEVICE_FAMILY = "1,2";
				TEST_HOST = "$(BUILT_PRODUCTS_DIR)/poc.app/$(BUNDLE_EXECUTABLE_FOLDER_PATH)/poc";
			};
			name = Release;
		};
		85536A92293D77BF00C54F30 /* Debug */ = {
			isa = XCBuildConfiguration;
			buildSettings = {
				ALWAYS_EMBED_SWIFT_STANDARD_LIBRARIES = YES;
				CODE_SIGN_STYLE = Automatic;
				CURRENT_PROJECT_VERSION = 1;
				DEVELOPMENT_TEAM = TD56QR66LY;
				GENERATE_INFOPLIST_FILE = YES;
				MARKETING_VERSION = 1.0;
				PRODUCT_BUNDLE_IDENTIFIER = com.you.pocUITests;
				PRODUCT_NAME = "$(TARGET_NAME)";
				SWIFT_EMIT_LOC_STRINGS = NO;
				SWIFT_VERSION = 5.0;
				TARGETED_DEVICE_FAMILY = "1,2";
				TEST_TARGET_NAME = poc;
			};
			name = Debug;
		};
		85536A93293D77BF00C54F30 /* Release */ = {
			isa = XCBuildConfiguration;
			buildSettings = {
				ALWAYS_EMBED_SWIFT_STANDARD_LIBRARIES = YES;
				CODE_SIGN_STYLE = Automatic;
				CURRENT_PROJECT_VERSION = 1;
				DEVELOPMENT_TEAM = TD56QR66LY;
				GENERATE_INFOPLIST_FILE = YES;
				MARKETING_VERSION = 1.0;
				PRODUCT_BUNDLE_IDENTIFIER = com.you.pocUITests;
				PRODUCT_NAME = "$(TARGET_NAME)";
				SWIFT_EMIT_LOC_STRINGS = NO;
				SWIFT_VERSION = 5.0;
				TARGETED_DEVICE_FAMILY = "1,2";
				TEST_TARGET_NAME = poc;
			};
			name = Release;
		};
/* End XCBuildConfiguration section */

/* Begin XCConfigurationList section */
		85536A62293D77BE00C54F30 /* Build configuration list for PBXProject "poc" */ = {
			isa = XCConfigurationList;
			buildConfigurations = (
				85536A89293D77BF00C54F30 /* Debug */,
				85536A8A293D77BF00C54F30 /* Release */,
			);
			defaultConfigurationIsVisible = 0;
			defaultConfigurationName = Release;
		};
		85536A8B293D77BF00C54F30 /* Build configuration list for PBXNativeTarget "poc" */ = {
			isa = XCConfigurationList;
			buildConfigurations = (
				85536A8C293D77BF00C54F30 /* Debug */,
				85536A8D293D77BF00C54F30 /* Release */,
			);
			defaultConfigurationIsVisible = 0;
			defaultConfigurationName = Release;
		};
		85536A8E293D77BF00C54F30 /* Build configuration list for PBXNativeTarget "pocTests" */ = {
			isa = XCConfigurationList;
			buildConfigurations = (
				85536A8F293D77BF00C54F30 /* Debug */,
				85536A90293D77BF00C54F30 /* Release */,
			);
			defaultConfigurationIsVisible = 0;
			defaultConfigurationName = Release;
		};
		85536A91293D77BF00C54F30 /* Build configuration list for PBXNativeTarget "pocUITests" */ = {
			isa = XCConfigurationList;
			buildConfigurations = (
				85536A92293D77BF00C54F30 /* Debug */,
				85536A93293D77BF00C54F30 /* Release */,
			);
			defaultConfigurationIsVisible = 0;
			defaultConfigurationName = Release;
		};
/* End XCConfigurationList section */

/* Begin XCRemoteSwiftPackageReference section */
		85E10CCF2949800600E07354 /* XCRemoteSwiftPackageReference "kmm-proof-of-concept" */ = {
			isa = XCRemoteSwiftPackageReference;
			repositoryURL = "https://github.com/garrison-henkle/kmm-proof-of-concept";
			requirement = {
				kind = upToNextMajorVersion;
				minimumVersion = 0.0.9;
			};
		};
/* End XCRemoteSwiftPackageReference section */

/* Begin XCSwiftPackageProductDependency section */
		85E10CD02949800600E07354 /* YouComponents */ = {
			isa = XCSwiftPackageProductDependency;
			package = 85E10CCF2949800600E07354 /* XCRemoteSwiftPackageReference "kmm-proof-of-concept" */;
			productName = YouComponents;
		};
/* End XCSwiftPackageProductDependency section */
	};
	rootObject = 85536A5F293D77BE00C54F30 /* Project object */;
}
